
Microsoft Visual Studio Solution File, Format Version 12.00
# Visual Studio Version 16
VisualStudioVersion = 16.0.31729.503
MinimumVisualStudioVersion = 10.0.40219.1
Project("{FAE04EC0-301F-11D3-BF4B-00C04F79EFBC}") = "WifiLocationServer", "WifiLocationServer\WifiLocationServer.csproj", "{8B98CAB6-56D9-442E-86F0-B0F7650D4869}"
EndProject
Global
	GlobalSection(SolutionConfigurationPlatforms) = preSolution
		Debug|Any CPU = Debug|Any CPU
		Release|Any CPU = Release|Any CPU
	EndGlobalSection
	GlobalSection(ProjectConfigurationPlatforms) = postSolution
		{8B98CAB6-56D9-442E-86F0-B0F7650D4869}.Debug|Any CPU.ActiveCfg = Debug|Any CPU
		{8B98CAB6-56D9-442E-86F0-B0F7650D4869}.Debug|Any CPU.Build.0 = Debug|Any CPU
		{8B98CAB6-56D9-442E-86F0-B0F7650D4869}.Release|Any CPU.ActiveCfg = Release|Any CPU
		{8B98CAB6-56D9-442E-86F0-B0F7650D4869}.Release|Any CPU.Build.0 = Release|Any CPU
	EndGlobalSection
	GlobalSection(SolutionProperties) = preSolution
		HideSolutionNode = FALSE
	EndGlobalSection
	GlobalSection(ExtensibilityGlobals) = postSolution
		SolutionGuid = {A84A6F72-251D-4E77-B106-5E48471A4417}
	EndGlobalSection
EndGlobal
